
Microsoft Visual Studio Solution File, Format Version 12.00
# Visual Studio 14
VisualStudioVersion = 14.0.24720.0
MinimumVisualStudioVersion = 10.0.40219.1
Project("{2150E333-8FDC-42A3-9474-1A3956D46DE8}") = "01_Framework", "01_Framework", "{0B69477B-99B0-4AEA-879E-2C3A42590053}"
EndProject
Project("{FAE04EC0-301F-11D3-BF4B-00C04F79EFBC}") = "Framework.Application", "Framework.Application\Framework.Application.csproj", "{FCC3E6AD-1ED9-41D6-A202-4F76AE94427C}"
EndProject
Project("{FAE04EC0-301F-11D3-BF4B-00C04F79EFBC}") = "Framework.Config", "Framework.Config\Framework.Config.csproj", "{87B5B91D-3F36-4095-8CF7-B62B0F02EAC1}"
EndProject
Project("{FAE04EC0-301F-11D3-BF4B-00C04F79EFBC}") = "Framework.Core", "Framework.Core\Framework.Core.csproj", "{3C608304-F1CA-4949-A6F0-71DCD70AF41C}"
EndProject
Project("{FAE04EC0-301F-11D3-BF4B-00C04F79EFBC}") = "Framework.Domain.Model", "Framework.Domain.Model\Framework.Domain.Model.csproj", "{EB2A7F96-7769-4736-8C73-5585BB088BC6}"
EndProject
Project("{FAE04EC0-301F-11D3-BF4B-00C04F79EFBC}") = "Framework.Persistance.EF", "Framework.Persistance.EF\Framework.Persistance.EF.csproj", "{CB14F321-B3BF-4881-8CA2-36D1FB4C1194}"
EndProject
Project("{FAE04EC0-301F-11D3-BF4B-00C04F79EFBC}") = "Framework.Web.Kendo", "Framework.Web.Kendo\Framework.Web.Kendo.csproj", "{28E7E7D1-5D4E-425C-835B-FD80F8E842F2}"
EndProject
Project("{2150E333-8FDC-42A3-9474-1A3956D46DE8}") = "Presentation", "Presentation", "{256A0FC3-1CC2-4347-98A6-039A60C743A9}"
EndProject
Project("{2150E333-8FDC-42A3-9474-1A3956D46DE8}") = "RevisoHomework", "RevisoHomework", "{AA17B0FD-D439-4856-9BFC-EDE2D4A09484}"
EndProject
Project("{2150E333-8FDC-42A3-9474-1A3956D46DE8}") = "Application", "Application", "{6269CB47-49A9-4CFC-BCCA-E6A487860B31}"
EndProject
Project("{2150E333-8FDC-42A3-9474-1A3956D46DE8}") = "Domain", "Domain", "{24921DE6-4C8F-4E24-AC1B-1BFB58DB79DA}"
EndProject
Project("{2150E333-8FDC-42A3-9474-1A3956D46DE8}") = "Infrastructure", "Infrastructure", "{80513B57-E01F-43C6-8AA8-66CF9D33D44B}"
EndProject
Project("{2150E333-8FDC-42A3-9474-1A3956D46DE8}") = "Interface", "Interface", "{2197E30C-19D9-48BB-973F-6F6360BD73B8}"
EndProject
Project("{FAE04EC0-301F-11D3-BF4B-00C04F79EFBC}") = "RevisoHomework.Interface.Controllers", "RevisoHomework.Interface.Controllers\RevisoHomework.Interface.Controllers.csproj", "{B29DCCA8-4E7D-44E0-84C7-74B45752F442}"
EndProject
Project("{FAE04EC0-301F-11D3-BF4B-00C04F79EFBC}") = "RevisoHomework.Interface.Facade", "RevisoHomework.Interface.Facade\RevisoHomework.Interface.Facade.csproj", "{BE7B5BD9-C958-4A31-91D8-3837F141EAF0}"
EndProject
Project("{FAE04EC0-301F-11D3-BF4B-00C04F79EFBC}") = "RevisoHomework.Interface.Facade.Contracts", "RevisoHomework.Interface.Facade.Contracts\RevisoHomework.Interface.Facade.Contracts.csproj", "{688FDE46-1CF2-4409-9DEA-0CA16D1CCBE5}"
EndProject
Project("{FAE04EC0-301F-11D3-BF4B-00C04F79EFBC}") = "RevisoHomework.Persistance.EF", "RevisoHomework.Persistance.EF\RevisoHomework.Persistance.EF.csproj", "{09131E79-BB1A-44C4-A1AC-315B80FA53E9}"
EndProject
Project("{FAE04EC0-301F-11D3-BF4B-00C04F79EFBC}") = "RevisoHomework.Domain", "RevisoHomework.Domain\RevisoHomework.Domain.csproj", "{EF61E07F-A20C-4C06-A445-08E43036A0DA}"
EndProject
Project("{FAE04EC0-301F-11D3-BF4B-00C04F79EFBC}") = "RevisoHomework.Domain.Contracts", "RevisoHomework.Domain.Contracts\RevisoHomework.Domain.Contracts.csproj", "{408CA197-3468-4A3D-8B2C-D9EA9A0C55F2}"
EndProject
Project("{FAE04EC0-301F-11D3-BF4B-00C04F79EFBC}") = "RevisoHomework.Application", "RevisoHomework.Application\RevisoHomework.Application.csproj", "{5919B809-8517-40EE-B68B-EF88F3653F4B}"
EndProject
Project("{FAE04EC0-301F-11D3-BF4B-00C04F79EFBC}") = "RevisoHomework.Application.Contracts", "RevisoHomework.Application.Contracts\RevisoHomework.Application.Contracts.csproj", "{00A428A4-029E-4F6B-BA4D-F8984677D65E}"
EndProject
Project("{FAE04EC0-301F-11D3-BF4B-00C04F79EFBC}") = "RevisoHomework.Config", "RevisoHomework.Config\RevisoHomework.Config.csproj", "{12698DD9-0427-45F6-91BE-731CAAA68384}"
EndProject
Project("{FAE04EC0-301F-11D3-BF4B-00C04F79EFBC}") = "RevisoHomework.Web", "RevisoHomework.Web\RevisoHomework.Web.csproj", "{A6085987-7170-4DB1-91B6-9CA28C61422F}"
EndProject
Project("{FAE04EC0-301F-11D3-BF4B-00C04F79EFBC}") = "RevisoHomework.Web.Tests", "RevisoHomework.Web.Tests\RevisoHomework.Web.Tests.csproj", "{2992A021-EEA6-4262-8B6F-A762A8BF2A2D}"
EndProject
Global
	GlobalSection(SolutionConfigurationPlatforms) = preSolution
		Debug|Any CPU = Debug|Any CPU
		Release|Any CPU = Release|Any CPU
	EndGlobalSection
	GlobalSection(ProjectConfigurationPlatforms) = postSolution
		{FCC3E6AD-1ED9-41D6-A202-4F76AE94427C}.Debug|Any CPU.ActiveCfg = Debug|Any CPU
		{FCC3E6AD-1ED9-41D6-A202-4F76AE94427C}.Debug|Any CPU.Build.0 = Debug|Any CPU
		{FCC3E6AD-1ED9-41D6-A202-4F76AE94427C}.Release|Any CPU.ActiveCfg = Release|Any CPU
		{FCC3E6AD-1ED9-41D6-A202-4F76AE94427C}.Release|Any CPU.Build.0 = Release|Any CPU
		{87B5B91D-3F36-4095-8CF7-B62B0F02EAC1}.Debug|Any CPU.ActiveCfg = Debug|Any CPU
		{87B5B91D-3F36-4095-8CF7-B62B0F02EAC1}.Debug|Any CPU.Build.0 = Debug|Any CPU
		{87B5B91D-3F36-4095-8CF7-B62B0F02EAC1}.Release|Any CPU.ActiveCfg = Release|Any CPU
		{87B5B91D-3F36-4095-8CF7-B62B0F02EAC1}.Release|Any CPU.Build.0 = Release|Any CPU
		{3C608304-F1CA-4949-A6F0-71DCD70AF41C}.Debug|Any CPU.ActiveCfg = Debug|Any CPU
		{3C608304-F1CA-4949-A6F0-71DCD70AF41C}.Debug|Any CPU.Build.0 = Debug|Any CPU
		{3C608304-F1CA-4949-A6F0-71DCD70AF41C}.Release|Any CPU.ActiveCfg = Release|Any CPU
		{3C608304-F1CA-4949-A6F0-71DCD70AF41C}.Release|Any CPU.Build.0 = Release|Any CPU
		{EB2A7F96-7769-4736-8C73-5585BB088BC6}.Debug|Any CPU.ActiveCfg = Debug|Any CPU
		{EB2A7F96-7769-4736-8C73-5585BB088BC6}.Debug|Any CPU.Build.0 = Debug|Any CPU
		{EB2A7F96-7769-4736-8C73-5585BB088BC6}.Release|Any CPU.ActiveCfg = Release|Any CPU
		{EB2A7F96-7769-4736-8C73-5585BB088BC6}.Release|Any CPU.Build.0 = Release|Any CPU
		{CB14F321-B3BF-4881-8CA2-36D1FB4C1194}.Debug|Any CPU.ActiveCfg = Debug|Any CPU
		{CB14F321-B3BF-4881-8CA2-36D1FB4C1194}.Debug|Any CPU.Build.0 = Debug|Any CPU
		{CB14F321-B3BF-4881-8CA2-36D1FB4C1194}.Release|Any CPU.ActiveCfg = Release|Any CPU
		{CB14F321-B3BF-4881-8CA2-36D1FB4C1194}.Release|Any CPU.Build.0 = Release|Any CPU
		{28E7E7D1-5D4E-425C-835B-FD80F8E842F2}.Debug|Any CPU.ActiveCfg = Debug|Any CPU
		{28E7E7D1-5D4E-425C-835B-FD80F8E842F2}.Debug|Any CPU.Build.0 = Debug|Any CPU
		{28E7E7D1-5D4E-425C-835B-FD80F8E842F2}.Release|Any CPU.ActiveCfg = Release|Any CPU
		{28E7E7D1-5D4E-425C-835B-FD80F8E842F2}.Release|Any CPU.Build.0 = Release|Any CPU
		{B29DCCA8-4E7D-44E0-84C7-74B45752F442}.Debug|Any CPU.ActiveCfg = Debug|Any CPU
		{B29DCCA8-4E7D-44E0-84C7-74B45752F442}.Debug|Any CPU.Build.0 = Debug|Any CPU
		{B29DCCA8-4E7D-44E0-84C7-74B45752F442}.Release|Any CPU.ActiveCfg = Release|Any CPU
		{B29DCCA8-4E7D-44E0-84C7-74B45752F442}.Release|Any CPU.Build.0 = Release|Any CPU
		{BE7B5BD9-C958-4A31-91D8-3837F141EAF0}.Debug|Any CPU.ActiveCfg = Debug|Any CPU
		{BE7B5BD9-C958-4A31-91D8-3837F141EAF0}.Debug|Any CPU.Build.0 = Debug|Any CPU
		{BE7B5BD9-C958-4A31-91D8-3837F141EAF0}.Release|Any CPU.ActiveCfg = Release|Any CPU
		{BE7B5BD9-C958-4A31-91D8-3837F141EAF0}.Release|Any CPU.Build.0 = Release|Any CPU
		{688FDE46-1CF2-4409-9DEA-0CA16D1CCBE5}.Debug|Any CPU.ActiveCfg = Debug|Any CPU
		{688FDE46-1CF2-4409-9DEA-0CA16D1CCBE5}.Debug|Any CPU.Build.0 = Debug|Any CPU
		{688FDE46-1CF2-4409-9DEA-0CA16D1CCBE5}.Release|Any CPU.ActiveCfg = Release|Any CPU
		{688FDE46-1CF2-4409-9DEA-0CA16D1CCBE5}.Release|Any CPU.Build.0 = Release|Any CPU
		{09131E79-BB1A-44C4-A1AC-315B80FA53E9}.Debug|Any CPU.ActiveCfg = Debug|Any CPU
		{09131E79-BB1A-44C4-A1AC-315B80FA53E9}.Debug|Any CPU.Build.0 = Debug|Any CPU
		{09131E79-BB1A-44C4-A1AC-315B80FA53E9}.Release|Any CPU.ActiveCfg = Release|Any CPU
		{09131E79-BB1A-44C4-A1AC-315B80FA53E9}.Release|Any CPU.Build.0 = Release|Any CPU
		{EF61E07F-A20C-4C06-A445-08E43036A0DA}.Debug|Any CPU.ActiveCfg = Debug|Any CPU
		{EF61E07F-A20C-4C06-A445-08E43036A0DA}.Debug|Any CPU.Build.0 = Debug|Any CPU
		{EF61E07F-A20C-4C06-A445-08E43036A0DA}.Release|Any CPU.ActiveCfg = Release|Any CPU
		{EF61E07F-A20C-4C06-A445-08E43036A0DA}.Release|Any CPU.Build.0 = Release|Any CPU
		{408CA197-3468-4A3D-8B2C-D9EA9A0C55F2}.Debug|Any CPU.ActiveCfg = Debug|Any CPU
		{408CA197-3468-4A3D-8B2C-D9EA9A0C55F2}.Debug|Any CPU.Build.0 = Debug|Any CPU
		{408CA197-3468-4A3D-8B2C-D9EA9A0C55F2}.Release|Any CPU.ActiveCfg = Release|Any CPU
		{408CA197-3468-4A3D-8B2C-D9EA9A0C55F2}.Release|Any CPU.Build.0 = Release|Any CPU
		{5919B809-8517-40EE-B68B-EF88F3653F4B}.Debug|Any CPU.ActiveCfg = Debug|Any CPU
		{5919B809-8517-40EE-B68B-EF88F3653F4B}.Debug|Any CPU.Build.0 = Debug|Any CPU
		{5919B809-8517-40EE-B68B-EF88F3653F4B}.Release|Any CPU.ActiveCfg = Release|Any CPU
		{5919B809-8517-40EE-B68B-EF88F3653F4B}.Release|Any CPU.Build.0 = Release|Any CPU
		{00A428A4-029E-4F6B-BA4D-F8984677D65E}.Debug|Any CPU.ActiveCfg = Debug|Any CPU
		{00A428A4-029E-4F6B-BA4D-F8984677D65E}.Debug|Any CPU.Build.0 = Debug|Any CPU
		{00A428A4-029E-4F6B-BA4D-F8984677D65E}.Release|Any CPU.ActiveCfg = Release|Any CPU
		{00A428A4-029E-4F6B-BA4D-F8984677D65E}.Release|Any CPU.Build.0 = Release|Any CPU
		{12698DD9-0427-45F6-91BE-731CAAA68384}.Debug|Any CPU.ActiveCfg = Debug|Any CPU
		{12698DD9-0427-45F6-91BE-731CAAA68384}.Debug|Any CPU.Build.0 = Debug|Any CPU
		{12698DD9-0427-45F6-91BE-731CAAA68384}.Release|Any CPU.ActiveCfg = Release|Any CPU
		{12698DD9-0427-45F6-91BE-731CAAA68384}.Release|Any CPU.Build.0 = Release|Any CPU
		{A6085987-7170-4DB1-91B6-9CA28C61422F}.Debug|Any CPU.ActiveCfg = Debug|Any CPU
		{A6085987-7170-4DB1-91B6-9CA28C61422F}.Debug|Any CPU.Build.0 = Debug|Any CPU
		{A6085987-7170-4DB1-91B6-9CA28C61422F}.Release|Any CPU.ActiveCfg = Release|Any CPU
		{A6085987-7170-4DB1-91B6-9CA28C61422F}.Release|Any CPU.Build.0 = Release|Any CPU
		{2992A021-EEA6-4262-8B6F-A762A8BF2A2D}.Debug|Any CPU.ActiveCfg = Debug|Any CPU
		{2992A021-EEA6-4262-8B6F-A762A8BF2A2D}.Debug|Any CPU.Build.0 = Debug|Any CPU
		{2992A021-EEA6-4262-8B6F-A762A8BF2A2D}.Release|Any CPU.ActiveCfg = Release|Any CPU
		{2992A021-EEA6-4262-8B6F-A762A8BF2A2D}.Release|Any CPU.Build.0 = Release|Any CPU
	EndGlobalSection
	GlobalSection(SolutionProperties) = preSolution
		HideSolutionNode = FALSE
	EndGlobalSection
	GlobalSection(NestedProjects) = preSolution
		{FCC3E6AD-1ED9-41D6-A202-4F76AE94427C} = {0B69477B-99B0-4AEA-879E-2C3A42590053}
		{87B5B91D-3F36-4095-8CF7-B62B0F02EAC1} = {0B69477B-99B0-4AEA-879E-2C3A42590053}
		{3C608304-F1CA-4949-A6F0-71DCD70AF41C} = {0B69477B-99B0-4AEA-879E-2C3A42590053}
		{EB2A7F96-7769-4736-8C73-5585BB088BC6} = {0B69477B-99B0-4AEA-879E-2C3A42590053}
		{CB14F321-B3BF-4881-8CA2-36D1FB4C1194} = {0B69477B-99B0-4AEA-879E-2C3A42590053}
		{28E7E7D1-5D4E-425C-835B-FD80F8E842F2} = {0B69477B-99B0-4AEA-879E-2C3A42590053}
		{6269CB47-49A9-4CFC-BCCA-E6A487860B31} = {AA17B0FD-D439-4856-9BFC-EDE2D4A09484}
		{24921DE6-4C8F-4E24-AC1B-1BFB58DB79DA} = {AA17B0FD-D439-4856-9BFC-EDE2D4A09484}
		{80513B57-E01F-43C6-8AA8-66CF9D33D44B} = {AA17B0FD-D439-4856-9BFC-EDE2D4A09484}
		{2197E30C-19D9-48BB-973F-6F6360BD73B8} = {AA17B0FD-D439-4856-9BFC-EDE2D4A09484}
		{B29DCCA8-4E7D-44E0-84C7-74B45752F442} = {2197E30C-19D9-48BB-973F-6F6360BD73B8}
		{BE7B5BD9-C958-4A31-91D8-3837F141EAF0} = {2197E30C-19D9-48BB-973F-6F6360BD73B8}
		{688FDE46-1CF2-4409-9DEA-0CA16D1CCBE5} = {2197E30C-19D9-48BB-973F-6F6360BD73B8}
		{09131E79-BB1A-44C4-A1AC-315B80FA53E9} = {80513B57-E01F-43C6-8AA8-66CF9D33D44B}
		{EF61E07F-A20C-4C06-A445-08E43036A0DA} = {24921DE6-4C8F-4E24-AC1B-1BFB58DB79DA}
		{408CA197-3468-4A3D-8B2C-D9EA9A0C55F2} = {24921DE6-4C8F-4E24-AC1B-1BFB58DB79DA}
		{5919B809-8517-40EE-B68B-EF88F3653F4B} = {6269CB47-49A9-4CFC-BCCA-E6A487860B31}
		{00A428A4-029E-4F6B-BA4D-F8984677D65E} = {6269CB47-49A9-4CFC-BCCA-E6A487860B31}
		{12698DD9-0427-45F6-91BE-731CAAA68384} = {AA17B0FD-D439-4856-9BFC-EDE2D4A09484}
		{A6085987-7170-4DB1-91B6-9CA28C61422F} = {256A0FC3-1CC2-4347-98A6-039A60C743A9}
		{2992A021-EEA6-4262-8B6F-A762A8BF2A2D} = {256A0FC3-1CC2-4347-98A6-039A60C743A9}
	EndGlobalSection
EndGlobal
